
Microsoft Visual Studio Solution File, Format Version 12.00
# Visual Studio Version 17
VisualStudioVersion = 17.0.31903.59
MinimumVisualStudioVersion = 10.0.40219.1
Project("{2150E333-8FDC-42A3-9474-1A3956D46DE8}") = "src", "src", "{E79A4974-1C06-47CA-82F9-9ACF18A14CD4}"
EndProject
Project("{2150E333-8FDC-42A3-9474-1A3956D46DE8}") = "Core", "Core", "{C9F29AD2-83F1-4512-B6EF-9322F7223412}"
EndProject
Project("{FAE04EC0-301F-11D3-BF4B-00C04F79EFBC}") = "GK.Domain", "src\Core\GK.Domain\GK.Domain.csproj", "{112F1446-21D8-4E9D-841B-0A31ED89E27E}"
EndProject
Project("{FAE04EC0-301F-11D3-BF4B-00C04F79EFBC}") = "GK.Application", "src\Core\GK.Application\GK.Application.csproj", "{C9A32C0A-CE12-4D10-9A32-D8211362FB94}"
EndProject
Project("{2150E333-8FDC-42A3-9474-1A3956D46DE8}") = "Infrastructure", "Infrastructure", "{69ECD713-C077-496B-A0FC-9E1E43787481}"
EndProject
Project("{FAE04EC0-301F-11D3-BF4B-00C04F79EFBC}") = "GK.Persistance", "src\Infrastructure\GK.Persistance\GK.Persistance.csproj", "{5BA41E58-5A8E-4D71-BAFE-92E970ADA6EF}"
EndProject
Project("{FAE04EC0-301F-11D3-BF4B-00C04F79EFBC}") = "GK.Infrastructure", "src\Infrastructure\GK.Infrastructure\GK.Infrastructure.csproj", "{EE902305-9D33-453B-8436-3996CBCBD7B3}"
EndProject
Project("{2150E333-8FDC-42A3-9474-1A3956D46DE8}") = "Presentation", "Presentation", "{230384E1-EAB1-426B-889D-6778E75A0317}"
EndProject
Project("{FAE04EC0-301F-11D3-BF4B-00C04F79EFBC}") = "GK.Api", "src\Presentation\GK.Api\GK.Api.csproj", "{ADCA8229-9B20-493D-B8BD-AE9AD7307ABA}"
EndProject
Global
	GlobalSection(SolutionConfigurationPlatforms) = preSolution
		Debug|Any CPU = Debug|Any CPU
		Release|Any CPU = Release|Any CPU
	EndGlobalSection
	GlobalSection(SolutionProperties) = preSolution
		HideSolutionNode = FALSE
	EndGlobalSection
	GlobalSection(ProjectConfigurationPlatforms) = postSolution
		{112F1446-21D8-4E9D-841B-0A31ED89E27E}.Debug|Any CPU.ActiveCfg = Debug|Any CPU
		{112F1446-21D8-4E9D-841B-0A31ED89E27E}.Debug|Any CPU.Build.0 = Debug|Any CPU
		{112F1446-21D8-4E9D-841B-0A31ED89E27E}.Release|Any CPU.ActiveCfg = Release|Any CPU
		{112F1446-21D8-4E9D-841B-0A31ED89E27E}.Release|Any CPU.Build.0 = Release|Any CPU
		{C9A32C0A-CE12-4D10-9A32-D8211362FB94}.Debug|Any CPU.ActiveCfg = Debug|Any CPU
		{C9A32C0A-CE12-4D10-9A32-D8211362FB94}.Debug|Any CPU.Build.0 = Debug|Any CPU
		{C9A32C0A-CE12-4D10-9A32-D8211362FB94}.Release|Any CPU.ActiveCfg = Release|Any CPU
		{C9A32C0A-CE12-4D10-9A32-D8211362FB94}.Release|Any CPU.Build.0 = Release|Any CPU
		{5BA41E58-5A8E-4D71-BAFE-92E970ADA6EF}.Debug|Any CPU.ActiveCfg = Debug|Any CPU
		{5BA41E58-5A8E-4D71-BAFE-92E970ADA6EF}.Debug|Any CPU.Build.0 = Debug|Any CPU
		{5BA41E58-5A8E-4D71-BAFE-92E970ADA6EF}.Release|Any CPU.ActiveCfg = Release|Any CPU
		{5BA41E58-5A8E-4D71-BAFE-92E970ADA6EF}.Release|Any CPU.Build.0 = Release|Any CPU
		{EE902305-9D33-453B-8436-3996CBCBD7B3}.Debug|Any CPU.ActiveCfg = Debug|Any CPU
		{EE902305-9D33-453B-8436-3996CBCBD7B3}.Debug|Any CPU.Build.0 = Debug|Any CPU
		{EE902305-9D33-453B-8436-3996CBCBD7B3}.Release|Any CPU.ActiveCfg = Release|Any CPU
		{EE902305-9D33-453B-8436-3996CBCBD7B3}.Release|Any CPU.Build.0 = Release|Any CPU
		{ADCA8229-9B20-493D-B8BD-AE9AD7307ABA}.Debug|Any CPU.ActiveCfg = Debug|Any CPU
		{ADCA8229-9B20-493D-B8BD-AE9AD7307ABA}.Debug|Any CPU.Build.0 = Debug|Any CPU
		{ADCA8229-9B20-493D-B8BD-AE9AD7307ABA}.Release|Any CPU.ActiveCfg = Release|Any CPU
		{ADCA8229-9B20-493D-B8BD-AE9AD7307ABA}.Release|Any CPU.Build.0 = Release|Any CPU
	EndGlobalSection
	GlobalSection(NestedProjects) = preSolution
		{C9F29AD2-83F1-4512-B6EF-9322F7223412} = {E79A4974-1C06-47CA-82F9-9ACF18A14CD4}
		{112F1446-21D8-4E9D-841B-0A31ED89E27E} = {C9F29AD2-83F1-4512-B6EF-9322F7223412}
		{C9A32C0A-CE12-4D10-9A32-D8211362FB94} = {C9F29AD2-83F1-4512-B6EF-9322F7223412}
		{69ECD713-C077-496B-A0FC-9E1E43787481} = {E79A4974-1C06-47CA-82F9-9ACF18A14CD4}
		{5BA41E58-5A8E-4D71-BAFE-92E970ADA6EF} = {69ECD713-C077-496B-A0FC-9E1E43787481}
		{EE902305-9D33-453B-8436-3996CBCBD7B3} = {69ECD713-C077-496B-A0FC-9E1E43787481}
		{230384E1-EAB1-426B-889D-6778E75A0317} = {E79A4974-1C06-47CA-82F9-9ACF18A14CD4}
		{ADCA8229-9B20-493D-B8BD-AE9AD7307ABA} = {230384E1-EAB1-426B-889D-6778E75A0317}
	EndGlobalSection
EndGlobal
